
Microsoft Visual Studio Solution File, Format Version 11.00
# Visual Studio 2010
Project("{8BC9CEB8-8B4A-11D0-8D11-00A0C91BC942}") = "Leetcode", "Leetcode\Leetcode.vcxproj", "{9354D90B-0A32-4FD5-8AAB-D63B74E8806B}"
EndProject
Project("{8BC9CEB8-8B4A-11D0-8D11-00A0C91BC942}") = "CPPConsole", "CPPConsole\CPPConsole.vcxproj", "{90A57F38-B57B-42D7-A6F2-C49939F23856}"
EndProject
Global
	GlobalSection(SolutionConfigurationPlatforms) = preSolution
		Debug|Win32 = Debug|Win32
		Release|Win32 = Release|Win32
	EndGlobalSection
	GlobalSection(ProjectConfigurationPlatforms) = postSolution
		{9354D90B-0A32-4FD5-8AAB-D63B74E8806B}.Debug|Win32.ActiveCfg = Debug|Win32
		{9354D90B-0A32-4FD5-8AAB-D63B74E8806B}.Debug|Win32.Build.0 = Debug|Win32
		{9354D90B-0A32-4FD5-8AAB-D63B74E8806B}.Release|Win32.ActiveCfg = Release|Win32
		{9354D90B-0A32-4FD5-8AAB-D63B74E8806B}.Release|Win32.Build.0 = Release|Win32
		{90A57F38-B57B-42D7-A6F2-C49939F23856}.Debug|Win32.ActiveCfg = Debug|Win32
		{90A57F38-B57B-42D7-A6F2-C49939F23856}.Debug|Win32.Build.0 = Debug|Win32
		{90A57F38-B57B-42D7-A6F2-C49939F23856}.Release|Win32.ActiveCfg = Release|Win32
		{90A57F38-B57B-42D7-A6F2-C49939F23856}.Release|Win32.Build.0 = Release|Win32
	EndGlobalSection
	GlobalSection(SolutionProperties) = preSolution
		HideSolutionNode = FALSE
	EndGlobalSection
EndGlobal
